
Microsoft Visual Studio Solution File, Format Version 12.00
# Visual Studio Version 17
VisualStudioVersion = 17.2.32630.192
MinimumVisualStudioVersion = 10.0.40219.1
Project("{9A19103F-16F7-4668-BE54-9A1E7A4F7556}") = "R5T.L0070", "R5T.L0070\R5T.L0070.csproj", "{54D5DCE3-FF48-4075-B84F-A28D1F11C94D}"
EndProject
Project("{9A19103F-16F7-4668-BE54-9A1E7A4F7556}") = "R5T.L0070.T000", "R5T.L0070.T000\R5T.L0070.T000.csproj", "{2F3C319E-860F-471F-A44F-124250FE45A0}"
EndProject
Project("{2150E333-8FDC-42A3-9474-1A3956D46DE8}") = "_Dependencies", "_Dependencies", "{18E673AA-FF52-45CD-8B02-E958CDE8BEEF}"
EndProject
Project("{9A19103F-16F7-4668-BE54-9A1E7A4F7556}") = "R5T.F0000", "..\..\R5T.F0000\source\R5T.F0000\R5T.F0000.csproj", "{95E09C97-862A-4946-9F85-E6E886763AC3}"
EndProject
Project("{9A19103F-16F7-4668-BE54-9A1E7A4F7556}") = "R5T.F0002", "..\..\R5T.F0002\source\R5T.F0002\R5T.F0002.csproj", "{8155008E-44E9-47B5-A027-62613B8B435F}"
EndProject
Project("{9A19103F-16F7-4668-BE54-9A1E7A4F7556}") = "R5T.F0059", "..\..\R5T.F0059\source\R5T.F0059\R5T.F0059.csproj", "{8CBFC9E3-21D4-4E99-8643-7863251D3B68}"
EndProject
Project("{9A19103F-16F7-4668-BE54-9A1E7A4F7556}") = "R5T.F0120", "..\..\R5T.F0120\source\R5T.F0120\R5T.F0120.csproj", "{3A6B7F2D-D221-4E8E-AD00-FD0CF7F81957}"
EndProject
Project("{9A19103F-16F7-4668-BE54-9A1E7A4F7556}") = "R5T.F0124", "..\..\R5T.F0124\source\R5T.F0124\R5T.F0124.csproj", "{F35A79B6-20C7-4F8D-941C-CDD02B55D080}"
EndProject
Project("{9A19103F-16F7-4668-BE54-9A1E7A4F7556}") = "R5T.F0125", "..\..\R5T.F0125\source\R5T.F0125\R5T.F0125.csproj", "{F878D5D9-DD28-477A-8227-47C5529422A6}"
EndProject
Project("{9A19103F-16F7-4668-BE54-9A1E7A4F7556}") = "R5T.L0030.T000", "..\..\R5T.L0030\source\R5T.L0030.T000\R5T.L0030.T000.csproj", "{AD2D90B6-70AF-42D1-A95C-199CD99225E5}"
EndProject
Project("{9A19103F-16F7-4668-BE54-9A1E7A4F7556}") = "R5T.L0030", "..\..\R5T.L0030\source\R5T.L0030\R5T.L0030.csproj", "{CB433C3A-0E85-452B-8A05-252CB2413413}"
EndProject
Project("{9A19103F-16F7-4668-BE54-9A1E7A4F7556}") = "R5T.L0034", "..\..\R5T.L0034\source\R5T.L0034\R5T.L0034.csproj", "{DB3838CA-A183-4B66-BCC0-4FD4E194D96C}"
EndProject
Project("{9A19103F-16F7-4668-BE54-9A1E7A4F7556}") = "R5T.L0035", "..\..\R5T.L0035\source\R5T.L0035\R5T.L0035.csproj", "{F6AEF555-4918-4EEF-8CD9-F27AA495C276}"
EndProject
Project("{9A19103F-16F7-4668-BE54-9A1E7A4F7556}") = "R5T.L0053", "..\..\R5T.L0053\source\R5T.L0053\R5T.L0053.csproj", "{92058F25-0D6A-4734-8D71-E843B7AC364E}"
EndProject
Project("{9A19103F-16F7-4668-BE54-9A1E7A4F7556}") = "R5T.L0056", "..\..\R5T.L0056\source\R5T.L0056\R5T.L0056.csproj", "{2B9D74D4-BE94-410B-95A6-2196EA0FEF0F}"
EndProject
Project("{9A19103F-16F7-4668-BE54-9A1E7A4F7556}") = "R5T.L0066", "..\..\R5T.L0066\source\R5T.L0066\R5T.L0066.csproj", "{0085F1D8-91A8-4D8B-9B63-DAA751F2F61A}"
EndProject
Project("{9A19103F-16F7-4668-BE54-9A1E7A4F7556}") = "R5T.NG0006", "..\..\R5T.NG0006\source\R5T.NG0006\R5T.NG0006.csproj", "{67BDEE98-7679-42CB-804C-9962CDADA1CA}"
EndProject
Project("{9A19103F-16F7-4668-BE54-9A1E7A4F7556}") = "R5T.NG0022", "..\..\R5T.NG0022\source\R5T.NG0022\R5T.NG0022.csproj", "{B2F9C9C8-0984-485E-8D8E-DA3A84029CD8}"
EndProject
Project("{9A19103F-16F7-4668-BE54-9A1E7A4F7556}") = "R5T.T0131", "..\..\R5T.T0131\source\R5T.T0131\R5T.T0131.csproj", "{36311876-9C65-4FB2-97BD-4C80696A0937}"
EndProject
Project("{9A19103F-16F7-4668-BE54-9A1E7A4F7556}") = "R5T.T0132", "..\..\R5T.T0132\source\R5T.T0132\R5T.T0132.csproj", "{20CFCC72-F132-4EC0-8DEE-43E02A7A124A}"
EndProject
Project("{9A19103F-16F7-4668-BE54-9A1E7A4F7556}") = "R5T.T0142", "..\..\R5T.T0142\source\R5T.T0142\R5T.T0142.csproj", "{65916028-0628-4F70-87A1-63D9CB9E37B3}"
EndProject
Project("{9A19103F-16F7-4668-BE54-9A1E7A4F7556}") = "R5T.T0143", "..\..\R5T.T0143\source\R5T.T0143\R5T.T0143.csproj", "{9CAEE0E8-3281-42B1-95C9-AD5CA3C6DDDA}"
EndProject
Project("{9A19103F-16F7-4668-BE54-9A1E7A4F7556}") = "R5T.T0150", "..\..\R5T.T0150\source\R5T.T0150\R5T.T0150.csproj", "{C6F214DB-81D2-4CF6-B7BB-881E99AF3CE1}"
EndProject
Project("{9A19103F-16F7-4668-BE54-9A1E7A4F7556}") = "R5T.T0151", "..\..\R5T.T0151\source\R5T.T0151\R5T.T0151.csproj", "{69E0E436-256A-4734-8713-BBA84AFA105F}"
EndProject
Project("{9A19103F-16F7-4668-BE54-9A1E7A4F7556}") = "R5T.T0156", "..\..\R5T.T0156\source\R5T.T0156\R5T.T0156.csproj", "{323F901A-2BEE-4566-91CA-F7A5B8A86F6F}"
EndProject
Project("{9A19103F-16F7-4668-BE54-9A1E7A4F7556}") = "R5T.T0158", "..\..\R5T.T0158\source\R5T.T0158\R5T.T0158.csproj", "{95B8E446-E391-446A-9399-4392D7F3BE0D}"
EndProject
Project("{9A19103F-16F7-4668-BE54-9A1E7A4F7556}") = "R5T.T0159", "..\..\R5T.T0159\source\R5T.T0159\R5T.T0159.csproj", "{EDE8950D-A465-4E39-A338-7C2CCE33B172}"
EndProject
Project("{9A19103F-16F7-4668-BE54-9A1E7A4F7556}") = "R5T.T0172", "..\..\R5T.T0172\source\R5T.T0172\R5T.T0172.csproj", "{2B817086-B9FA-4516-815D-E027B4737C2C}"
EndProject
Project("{9A19103F-16F7-4668-BE54-9A1E7A4F7556}") = "R5T.T0174", "..\..\R5T.T0174\source\R5T.T0174\R5T.T0174.csproj", "{7E143F70-4B54-4F47-9197-71EC10865786}"
EndProject
Project("{9A19103F-16F7-4668-BE54-9A1E7A4F7556}") = "R5T.T0176", "..\..\R5T.T0176\source\R5T.T0176\R5T.T0176.csproj", "{C9165991-1EE0-4807-9B66-3CBCF57E0049}"
EndProject
Project("{9A19103F-16F7-4668-BE54-9A1E7A4F7556}") = "R5T.T0177", "..\..\R5T.T0177\source\R5T.T0177\R5T.T0177.csproj", "{3B460F9F-3B90-4BE9-8E30-5ACA603FFD46}"
EndProject
Project("{9A19103F-16F7-4668-BE54-9A1E7A4F7556}") = "R5T.T0178", "..\..\R5T.T0178\source\R5T.T0178\R5T.T0178.csproj", "{1F31CCB2-9E35-4E22-ACC5-AF65A6805078}"
EndProject
Project("{9A19103F-16F7-4668-BE54-9A1E7A4F7556}") = "R5T.T0179", "..\..\R5T.T0179\source\R5T.T0179\R5T.T0179.csproj", "{E5CA08EF-FFAF-4392-92E6-19C46A13DDA2}"
EndProject
Project("{9A19103F-16F7-4668-BE54-9A1E7A4F7556}") = "R5T.T0180", "..\..\R5T.T0180\source\R5T.T0180\R5T.T0180.csproj", "{D990DCC2-7951-4811-8C2F-CBB757938F74}"
EndProject
Project("{9A19103F-16F7-4668-BE54-9A1E7A4F7556}") = "R5T.T0181", "..\..\R5T.T0181\source\R5T.T0181\R5T.T0181.csproj", "{64418CEA-0AA0-42DB-9B4D-E7AF4EEF6F92}"
EndProject
Project("{9A19103F-16F7-4668-BE54-9A1E7A4F7556}") = "R5T.T0185", "..\..\R5T.T0185\source\R5T.T0185\R5T.T0185.csproj", "{237182FF-C42B-47F0-8F9A-1062CD691716}"
EndProject
Project("{9A19103F-16F7-4668-BE54-9A1E7A4F7556}") = "R5T.T0199", "..\..\R5T.T0199\source\R5T.T0199\R5T.T0199.csproj", "{4C219C94-5D98-4801-8653-D34051DD8593}"
EndProject
Project("{9A19103F-16F7-4668-BE54-9A1E7A4F7556}") = "R5T.T0203", "..\..\R5T.T0203\source\R5T.T0203\R5T.T0203.csproj", "{3E0CFA9F-2EDC-4154-93D8-69FFC43741F4}"
EndProject
Project("{9A19103F-16F7-4668-BE54-9A1E7A4F7556}") = "R5T.T0213", "..\..\R5T.T0213\source\R5T.T0213\R5T.T0213.csproj", "{CC77023B-783A-4B42-AC44-0D4BC8F50A44}"
EndProject
Project("{9A19103F-16F7-4668-BE54-9A1E7A4F7556}") = "R5T.T0220", "..\..\R5T.T0220\source\R5T.T0220\R5T.T0220.csproj", "{D69CD557-C96A-4905-8137-7ACD41AACE6B}"
EndProject
Project("{9A19103F-16F7-4668-BE54-9A1E7A4F7556}") = "R5T.T0221", "..\..\R5T.T0221\source\R5T.T0221\R5T.T0221.csproj", "{3296B063-189A-4F5A-B18C-51D8BACBC2D7}"
EndProject
Project("{9A19103F-16F7-4668-BE54-9A1E7A4F7556}") = "R5T.T0227", "..\..\R5T.T0227\source\R5T.T0227\R5T.T0227.csproj", "{9755B1D6-69F7-4BA0-B703-318ED9864B61}"
EndProject
Project("{9A19103F-16F7-4668-BE54-9A1E7A4F7556}") = "R5T.Y0000", "..\..\R5T.Y0000\source\R5T.Y0000\R5T.Y0000.csproj", "{6A85676F-3197-4C66-87A6-DF485364DEE2}"
EndProject
Project("{9A19103F-16F7-4668-BE54-9A1E7A4F7556}") = "R5T.Z0000", "..\..\R5T.Z0000\source\R5T.Z0000\R5T.Z0000.csproj", "{8BB5F620-6501-4A99-8672-38169A1D3525}"
EndProject
Project("{9A19103F-16F7-4668-BE54-9A1E7A4F7556}") = "R5T.Z0010.Platform", "..\..\R5T.Z0010\source\R5T.Z0010.Platform\R5T.Z0010.Platform.csproj", "{0BE7463B-77F8-4FB7-B1A8-D205BABC0718}"
EndProject
Project("{9A19103F-16F7-4668-BE54-9A1E7A4F7556}") = "R5T.Z0010", "..\..\R5T.Z0010\source\R5T.Z0010\R5T.Z0010.csproj", "{85BE280D-A73F-40C7-8503-F2E4B135F93A}"
EndProject
Project("{9A19103F-16F7-4668-BE54-9A1E7A4F7556}") = "R5T.L0069.T000", "..\..\R5T.L0069\source\R5T.L0069.T000\R5T.L0069.T000.csproj", "{6AA88A93-C625-4E1C-866B-9BAAFAB755BE}"
EndProject
Project("{9A19103F-16F7-4668-BE54-9A1E7A4F7556}") = "R5T.L0062.T000", "..\..\R5T.L0062\source\R5T.L0062.T000\R5T.L0062.T000.csproj", "{4243E2EF-E2BD-4E12-9B4A-7B5DFAF368DA}"
EndProject
Project("{9A19103F-16F7-4668-BE54-9A1E7A4F7556}") = "R5T.T0212", "..\..\R5T.T0212\source\R5T.T0212\R5T.T0212.csproj", "{306CDAFB-7EC1-4156-B3CD-56D71914C6AC}"
EndProject
Project("{9A19103F-16F7-4668-BE54-9A1E7A4F7556}") = "R5T.L0070.F001", "R5T.L0070.F001\R5T.L0070.F001.csproj", "{84C8F4DD-AD94-4A2C-9DB7-89FECF3414EC}"
EndProject
Project("{9A19103F-16F7-4668-BE54-9A1E7A4F7556}") = "R5T.L0069.T001", "..\..\R5T.L0069\source\R5T.L0069.T001\R5T.L0069.T001.csproj", "{579FAD28-B2D8-4710-85D5-41DA0724787A}"
EndProject
Project("{9A19103F-16F7-4668-BE54-9A1E7A4F7556}") = "R5T.L0069", "..\..\R5T.L0069\source\R5T.L0069\R5T.L0069.csproj", "{B4B32483-28B9-4B60-9260-42326C638F75}"
EndProject
Project("{9A19103F-16F7-4668-BE54-9A1E7A4F7556}") = "R5T.T0162", "..\..\R5T.T0162\source\R5T.T0162\R5T.T0162.csproj", "{30927D82-03EE-48DB-8D75-9118CC8BD19D}"
EndProject
Project("{9A19103F-16F7-4668-BE54-9A1E7A4F7556}") = "R5T.T0211", "..\..\R5T.T0211\source\R5T.T0211\R5T.T0211.csproj", "{95827A1C-04C1-4659-8E49-A1B52F8001AC}"
EndProject
Project("{9A19103F-16F7-4668-BE54-9A1E7A4F7556}") = "R5T.T0212.F000", "..\..\R5T.T0212\source\R5T.T0212.F000\R5T.T0212.F000.csproj", "{A012C3CC-D5D1-4A7F-AC05-24DE1C49A19A}"
EndProject
Project("{9A19103F-16F7-4668-BE54-9A1E7A4F7556}") = "R5T.T0212.Z000", "..\..\R5T.T0212\source\R5T.T0212.Z000\R5T.T0212.Z000.csproj", "{EEC9C130-42A4-4902-A6EC-95F710BC9CE5}"
EndProject
Project("{9A19103F-16F7-4668-BE54-9A1E7A4F7556}") = "R5T.T0218", "..\..\R5T.T0218\source\R5T.T0218\R5T.T0218.csproj", "{C0C8E923-D00D-4FF4-A126-A2BA3B1BB7C9}"
EndProject
Global
	GlobalSection(NestedProjects) = preSolution
		{95E09C97-862A-4946-9F85-E6E886763AC3} = {18E673AA-FF52-45CD-8B02-E958CDE8BEEF}
		{8155008E-44E9-47B5-A027-62613B8B435F} = {18E673AA-FF52-45CD-8B02-E958CDE8BEEF}
		{8CBFC9E3-21D4-4E99-8643-7863251D3B68} = {18E673AA-FF52-45CD-8B02-E958CDE8BEEF}
		{3A6B7F2D-D221-4E8E-AD00-FD0CF7F81957} = {18E673AA-FF52-45CD-8B02-E958CDE8BEEF}
		{F35A79B6-20C7-4F8D-941C-CDD02B55D080} = {18E673AA-FF52-45CD-8B02-E958CDE8BEEF}
		{F878D5D9-DD28-477A-8227-47C5529422A6} = {18E673AA-FF52-45CD-8B02-E958CDE8BEEF}
		{AD2D90B6-70AF-42D1-A95C-199CD99225E5} = {18E673AA-FF52-45CD-8B02-E958CDE8BEEF}
		{CB433C3A-0E85-452B-8A05-252CB2413413} = {18E673AA-FF52-45CD-8B02-E958CDE8BEEF}
		{DB3838CA-A183-4B66-BCC0-4FD4E194D96C} = {18E673AA-FF52-45CD-8B02-E958CDE8BEEF}
		{F6AEF555-4918-4EEF-8CD9-F27AA495C276} = {18E673AA-FF52-45CD-8B02-E958CDE8BEEF}
		{92058F25-0D6A-4734-8D71-E843B7AC364E} = {18E673AA-FF52-45CD-8B02-E958CDE8BEEF}
		{2B9D74D4-BE94-410B-95A6-2196EA0FEF0F} = {18E673AA-FF52-45CD-8B02-E958CDE8BEEF}
		{0085F1D8-91A8-4D8B-9B63-DAA751F2F61A} = {18E673AA-FF52-45CD-8B02-E958CDE8BEEF}
		{67BDEE98-7679-42CB-804C-9962CDADA1CA} = {18E673AA-FF52-45CD-8B02-E958CDE8BEEF}
		{B2F9C9C8-0984-485E-8D8E-DA3A84029CD8} = {18E673AA-FF52-45CD-8B02-E958CDE8BEEF}
		{36311876-9C65-4FB2-97BD-4C80696A0937} = {18E673AA-FF52-45CD-8B02-E958CDE8BEEF}
		{20CFCC72-F132-4EC0-8DEE-43E02A7A124A} = {18E673AA-FF52-45CD-8B02-E958CDE8BEEF}
		{65916028-0628-4F70-87A1-63D9CB9E37B3} = {18E673AA-FF52-45CD-8B02-E958CDE8BEEF}
		{9CAEE0E8-3281-42B1-95C9-AD5CA3C6DDDA} = {18E673AA-FF52-45CD-8B02-E958CDE8BEEF}
		{C6F214DB-81D2-4CF6-B7BB-881E99AF3CE1} = {18E673AA-FF52-45CD-8B02-E958CDE8BEEF}
		{69E0E436-256A-4734-8713-BBA84AFA105F} = {18E673AA-FF52-45CD-8B02-E958CDE8BEEF}
		{323F901A-2BEE-4566-91CA-F7A5B8A86F6F} = {18E673AA-FF52-45CD-8B02-E958CDE8BEEF}
		{95B8E446-E391-446A-9399-4392D7F3BE0D} = {18E673AA-FF52-45CD-8B02-E958CDE8BEEF}
		{EDE8950D-A465-4E39-A338-7C2CCE33B172} = {18E673AA-FF52-45CD-8B02-E958CDE8BEEF}
		{2B817086-B9FA-4516-815D-E027B4737C2C} = {18E673AA-FF52-45CD-8B02-E958CDE8BEEF}
		{7E143F70-4B54-4F47-9197-71EC10865786} = {18E673AA-FF52-45CD-8B02-E958CDE8BEEF}
		{C9165991-1EE0-4807-9B66-3CBCF57E0049} = {18E673AA-FF52-45CD-8B02-E958CDE8BEEF}
		{3B460F9F-3B90-4BE9-8E30-5ACA603FFD46} = {18E673AA-FF52-45CD-8B02-E958CDE8BEEF}
		{1F31CCB2-9E35-4E22-ACC5-AF65A6805078} = {18E673AA-FF52-45CD-8B02-E958CDE8BEEF}
		{E5CA08EF-FFAF-4392-92E6-19C46A13DDA2} = {18E673AA-FF52-45CD-8B02-E958CDE8BEEF}
		{D990DCC2-7951-4811-8C2F-CBB757938F74} = {18E673AA-FF52-45CD-8B02-E958CDE8BEEF}
		{64418CEA-0AA0-42DB-9B4D-E7AF4EEF6F92} = {18E673AA-FF52-45CD-8B02-E958CDE8BEEF}
		{237182FF-C42B-47F0-8F9A-1062CD691716} = {18E673AA-FF52-45CD-8B02-E958CDE8BEEF}
		{4C219C94-5D98-4801-8653-D34051DD8593} = {18E673AA-FF52-45CD-8B02-E958CDE8BEEF}
		{3E0CFA9F-2EDC-4154-93D8-69FFC43741F4} = {18E673AA-FF52-45CD-8B02-E958CDE8BEEF}
		{CC77023B-783A-4B42-AC44-0D4BC8F50A44} = {18E673AA-FF52-45CD-8B02-E958CDE8BEEF}
		{D69CD557-C96A-4905-8137-7ACD41AACE6B} = {18E673AA-FF52-45CD-8B02-E958CDE8BEEF}
		{3296B063-189A-4F5A-B18C-51D8BACBC2D7} = {18E673AA-FF52-45CD-8B02-E958CDE8BEEF}
		{9755B1D6-69F7-4BA0-B703-318ED9864B61} = {18E673AA-FF52-45CD-8B02-E958CDE8BEEF}
		{6A85676F-3197-4C66-87A6-DF485364DEE2} = {18E673AA-FF52-45CD-8B02-E958CDE8BEEF}
		{8BB5F620-6501-4A99-8672-38169A1D3525} = {18E673AA-FF52-45CD-8B02-E958CDE8BEEF}
		{0BE7463B-77F8-4FB7-B1A8-D205BABC0718} = {18E673AA-FF52-45CD-8B02-E958CDE8BEEF}
		{85BE280D-A73F-40C7-8503-F2E4B135F93A} = {18E673AA-FF52-45CD-8B02-E958CDE8BEEF}
		{6AA88A93-C625-4E1C-866B-9BAAFAB755BE} = {18E673AA-FF52-45CD-8B02-E958CDE8BEEF}
		{4243E2EF-E2BD-4E12-9B4A-7B5DFAF368DA} = {18E673AA-FF52-45CD-8B02-E958CDE8BEEF}
		{306CDAFB-7EC1-4156-B3CD-56D71914C6AC} = {18E673AA-FF52-45CD-8B02-E958CDE8BEEF}
		{579FAD28-B2D8-4710-85D5-41DA0724787A} = {18E673AA-FF52-45CD-8B02-E958CDE8BEEF}
		{B4B32483-28B9-4B60-9260-42326C638F75} = {18E673AA-FF52-45CD-8B02-E958CDE8BEEF}
		{30927D82-03EE-48DB-8D75-9118CC8BD19D} = {18E673AA-FF52-45CD-8B02-E958CDE8BEEF}
		{95827A1C-04C1-4659-8E49-A1B52F8001AC} = {18E673AA-FF52-45CD-8B02-E958CDE8BEEF}
		{A012C3CC-D5D1-4A7F-AC05-24DE1C49A19A} = {18E673AA-FF52-45CD-8B02-E958CDE8BEEF}
		{EEC9C130-42A4-4902-A6EC-95F710BC9CE5} = {18E673AA-FF52-45CD-8B02-E958CDE8BEEF}
		{C0C8E923-D00D-4FF4-A126-A2BA3B1BB7C9} = {18E673AA-FF52-45CD-8B02-E958CDE8BEEF}
	EndGlobalSection
	GlobalSection(SolutionConfigurationPlatforms) = preSolution
		Debug|Any CPU = Debug|Any CPU
		Release|Any CPU = Release|Any CPU
	EndGlobalSection
	GlobalSection(ProjectConfigurationPlatforms) = postSolution
		{54D5DCE3-FF48-4075-B84F-A28D1F11C94D}.Debug|Any CPU.ActiveCfg = Debug|Any CPU
		{54D5DCE3-FF48-4075-B84F-A28D1F11C94D}.Debug|Any CPU.Build.0 = Debug|Any CPU
		{54D5DCE3-FF48-4075-B84F-A28D1F11C94D}.Release|Any CPU.ActiveCfg = Release|Any CPU
		{54D5DCE3-FF48-4075-B84F-A28D1F11C94D}.Release|Any CPU.Build.0 = Release|Any CPU
		{2F3C319E-860F-471F-A44F-124250FE45A0}.Debug|Any CPU.ActiveCfg = Debug|Any CPU
		{2F3C319E-860F-471F-A44F-124250FE45A0}.Debug|Any CPU.Build.0 = Debug|Any CPU
		{2F3C319E-860F-471F-A44F-124250FE45A0}.Release|Any CPU.ActiveCfg = Release|Any CPU
		{2F3C319E-860F-471F-A44F-124250FE45A0}.Release|Any CPU.Build.0 = Release|Any CPU
		{95E09C97-862A-4946-9F85-E6E886763AC3}.Debug|Any CPU.ActiveCfg = Debug|Any CPU
		{95E09C97-862A-4946-9F85-E6E886763AC3}.Debug|Any CPU.Build.0 = Debug|Any CPU
		{95E09C97-862A-4946-9F85-E6E886763AC3}.Release|Any CPU.ActiveCfg = Release|Any CPU
		{95E09C97-862A-4946-9F85-E6E886763AC3}.Release|Any CPU.Build.0 = Release|Any CPU
		{8155008E-44E9-47B5-A027-62613B8B435F}.Debug|Any CPU.ActiveCfg = Debug|Any CPU
		{8155008E-44E9-47B5-A027-62613B8B435F}.Debug|Any CPU.Build.0 = Debug|Any CPU
		{8155008E-44E9-47B5-A027-62613B8B435F}.Release|Any CPU.ActiveCfg = Release|Any CPU
		{8155008E-44E9-47B5-A027-62613B8B435F}.Release|Any CPU.Build.0 = Release|Any CPU
		{8CBFC9E3-21D4-4E99-8643-7863251D3B68}.Debug|Any CPU.ActiveCfg = Debug|Any CPU
		{8CBFC9E3-21D4-4E99-8643-7863251D3B68}.Debug|Any CPU.Build.0 = Debug|Any CPU
		{8CBFC9E3-21D4-4E99-8643-7863251D3B68}.Release|Any CPU.ActiveCfg = Release|Any CPU
		{8CBFC9E3-21D4-4E99-8643-7863251D3B68}.Release|Any CPU.Build.0 = Release|Any CPU
		{3A6B7F2D-D221-4E8E-AD00-FD0CF7F81957}.Debug|Any CPU.ActiveCfg = Debug|Any CPU
		{3A6B7F2D-D221-4E8E-AD00-FD0CF7F81957}.Debug|Any CPU.Build.0 = Debug|Any CPU
		{3A6B7F2D-D221-4E8E-AD00-FD0CF7F81957}.Release|Any CPU.ActiveCfg = Release|Any CPU
		{3A6B7F2D-D221-4E8E-AD00-FD0CF7F81957}.Release|Any CPU.Build.0 = Release|Any CPU
		{F35A79B6-20C7-4F8D-941C-CDD02B55D080}.Debug|Any CPU.ActiveCfg = Debug|Any CPU
		{F35A79B6-20C7-4F8D-941C-CDD02B55D080}.Debug|Any CPU.Build.0 = Debug|Any CPU
		{F35A79B6-20C7-4F8D-941C-CDD02B55D080}.Release|Any CPU.ActiveCfg = Release|Any CPU
		{F35A79B6-20C7-4F8D-941C-CDD02B55D080}.Release|Any CPU.Build.0 = Release|Any CPU
		{F878D5D9-DD28-477A-8227-47C5529422A6}.Debug|Any CPU.ActiveCfg = Debug|Any CPU
		{F878D5D9-DD28-477A-8227-47C5529422A6}.Debug|Any CPU.Build.0 = Debug|Any CPU
		{F878D5D9-DD28-477A-8227-47C5529422A6}.Release|Any CPU.ActiveCfg = Release|Any CPU
		{F878D5D9-DD28-477A-8227-47C5529422A6}.Release|Any CPU.Build.0 = Release|Any CPU
		{AD2D90B6-70AF-42D1-A95C-199CD99225E5}.Debug|Any CPU.ActiveCfg = Debug|Any CPU
		{AD2D90B6-70AF-42D1-A95C-199CD99225E5}.Debug|Any CPU.Build.0 = Debug|Any CPU
		{AD2D90B6-70AF-42D1-A95C-199CD99225E5}.Release|Any CPU.ActiveCfg = Release|Any CPU
		{AD2D90B6-70AF-42D1-A95C-199CD99225E5}.Release|Any CPU.Build.0 = Release|Any CPU
		{CB433C3A-0E85-452B-8A05-252CB2413413}.Debug|Any CPU.ActiveCfg = Debug|Any CPU
		{CB433C3A-0E85-452B-8A05-252CB2413413}.Debug|Any CPU.Build.0 = Debug|Any CPU
		{CB433C3A-0E85-452B-8A05-252CB2413413}.Release|Any CPU.ActiveCfg = Release|Any CPU
		{CB433C3A-0E85-452B-8A05-252CB2413413}.Release|Any CPU.Build.0 = Release|Any CPU
		{DB3838CA-A183-4B66-BCC0-4FD4E194D96C}.Debug|Any CPU.ActiveCfg = Debug|Any CPU
		{DB3838CA-A183-4B66-BCC0-4FD4E194D96C}.Debug|Any CPU.Build.0 = Debug|Any CPU
		{DB3838CA-A183-4B66-BCC0-4FD4E194D96C}.Release|Any CPU.ActiveCfg = Release|Any CPU
		{DB3838CA-A183-4B66-BCC0-4FD4E194D96C}.Release|Any CPU.Build.0 = Release|Any CPU
		{F6AEF555-4918-4EEF-8CD9-F27AA495C276}.Debug|Any CPU.ActiveCfg = Debug|Any CPU
		{F6AEF555-4918-4EEF-8CD9-F27AA495C276}.Debug|Any CPU.Build.0 = Debug|Any CPU
		{F6AEF555-4918-4EEF-8CD9-F27AA495C276}.Release|Any CPU.ActiveCfg = Release|Any CPU
		{F6AEF555-4918-4EEF-8CD9-F27AA495C276}.Release|Any CPU.Build.0 = Release|Any CPU
		{92058F25-0D6A-4734-8D71-E843B7AC364E}.Debug|Any CPU.ActiveCfg = Debug|Any CPU
		{92058F25-0D6A-4734-8D71-E843B7AC364E}.Debug|Any CPU.Build.0 = Debug|Any CPU
		{92058F25-0D6A-4734-8D71-E843B7AC364E}.Release|Any CPU.ActiveCfg = Release|Any CPU
		{92058F25-0D6A-4734-8D71-E843B7AC364E}.Release|Any CPU.Build.0 = Release|Any CPU
		{2B9D74D4-BE94-410B-95A6-2196EA0FEF0F}.Debug|Any CPU.ActiveCfg = Debug|Any CPU
		{2B9D74D4-BE94-410B-95A6-2196EA0FEF0F}.Debug|Any CPU.Build.0 = Debug|Any CPU
		{2B9D74D4-BE94-410B-95A6-2196EA0FEF0F}.Release|Any CPU.ActiveCfg = Release|Any CPU
		{2B9D74D4-BE94-410B-95A6-2196EA0FEF0F}.Release|Any CPU.Build.0 = Release|Any CPU
		{0085F1D8-91A8-4D8B-9B63-DAA751F2F61A}.Debug|Any CPU.ActiveCfg = Debug|Any CPU
		{0085F1D8-91A8-4D8B-9B63-DAA751F2F61A}.Debug|Any CPU.Build.0 = Debug|Any CPU
		{0085F1D8-91A8-4D8B-9B63-DAA751F2F61A}.Release|Any CPU.ActiveCfg = Release|Any CPU
		{0085F1D8-91A8-4D8B-9B63-DAA751F2F61A}.Release|Any CPU.Build.0 = Release|Any CPU
		{67BDEE98-7679-42CB-804C-9962CDADA1CA}.Debug|Any CPU.ActiveCfg = Debug|Any CPU
		{67BDEE98-7679-42CB-804C-9962CDADA1CA}.Debug|Any CPU.Build.0 = Debug|Any CPU
		{67BDEE98-7679-42CB-804C-9962CDADA1CA}.Release|Any CPU.ActiveCfg = Release|Any CPU
		{67BDEE98-7679-42CB-804C-9962CDADA1CA}.Release|Any CPU.Build.0 = Release|Any CPU
		{B2F9C9C8-0984-485E-8D8E-DA3A84029CD8}.Debug|Any CPU.ActiveCfg = Debug|Any CPU
		{B2F9C9C8-0984-485E-8D8E-DA3A84029CD8}.Debug|Any CPU.Build.0 = Debug|Any CPU
		{B2F9C9C8-0984-485E-8D8E-DA3A84029CD8}.Release|Any CPU.ActiveCfg = Release|Any CPU
		{B2F9C9C8-0984-485E-8D8E-DA3A84029CD8}.Release|Any CPU.Build.0 = Release|Any CPU
		{36311876-9C65-4FB2-97BD-4C80696A0937}.Debug|Any CPU.ActiveCfg = Debug|Any CPU
		{36311876-9C65-4FB2-97BD-4C80696A0937}.Debug|Any CPU.Build.0 = Debug|Any CPU
		{36311876-9C65-4FB2-97BD-4C80696A0937}.Release|Any CPU.ActiveCfg = Release|Any CPU
		{36311876-9C65-4FB2-97BD-4C80696A0937}.Release|Any CPU.Build.0 = Release|Any CPU
		{20CFCC72-F132-4EC0-8DEE-43E02A7A124A}.Debug|Any CPU.ActiveCfg = Debug|Any CPU
		{20CFCC72-F132-4EC0-8DEE-43E02A7A124A}.Debug|Any CPU.Build.0 = Debug|Any CPU
		{20CFCC72-F132-4EC0-8DEE-43E02A7A124A}.Release|Any CPU.ActiveCfg = Release|Any CPU
		{20CFCC72-F132-4EC0-8DEE-43E02A7A124A}.Release|Any CPU.Build.0 = Release|Any CPU
		{65916028-0628-4F70-87A1-63D9CB9E37B3}.Debug|Any CPU.ActiveCfg = Debug|Any CPU
		{65916028-0628-4F70-87A1-63D9CB9E37B3}.Debug|Any CPU.Build.0 = Debug|Any CPU
		{65916028-0628-4F70-87A1-63D9CB9E37B3}.Release|Any CPU.ActiveCfg = Release|Any CPU
		{65916028-0628-4F70-87A1-63D9CB9E37B3}.Release|Any CPU.Build.0 = Release|Any CPU
		{9CAEE0E8-3281-42B1-95C9-AD5CA3C6DDDA}.Debug|Any CPU.ActiveCfg = Debug|Any CPU
		{9CAEE0E8-3281-42B1-95C9-AD5CA3C6DDDA}.Debug|Any CPU.Build.0 = Debug|Any CPU
		{9CAEE0E8-3281-42B1-95C9-AD5CA3C6DDDA}.Release|Any CPU.ActiveCfg = Release|Any CPU
		{9CAEE0E8-3281-42B1-95C9-AD5CA3C6DDDA}.Release|Any CPU.Build.0 = Release|Any CPU
		{C6F214DB-81D2-4CF6-B7BB-881E99AF3CE1}.Debug|Any CPU.ActiveCfg = Debug|Any CPU
		{C6F214DB-81D2-4CF6-B7BB-881E99AF3CE1}.Debug|Any CPU.Build.0 = Debug|Any CPU
		{C6F214DB-81D2-4CF6-B7BB-881E99AF3CE1}.Release|Any CPU.ActiveCfg = Release|Any CPU
		{C6F214DB-81D2-4CF6-B7BB-881E99AF3CE1}.Release|Any CPU.Build.0 = Release|Any CPU
		{69E0E436-256A-4734-8713-BBA84AFA105F}.Debug|Any CPU.ActiveCfg = Debug|Any CPU
		{69E0E436-256A-4734-8713-BBA84AFA105F}.Debug|Any CPU.Build.0 = Debug|Any CPU
		{69E0E436-256A-4734-8713-BBA84AFA105F}.Release|Any CPU.ActiveCfg = Release|Any CPU
		{69E0E436-256A-4734-8713-BBA84AFA105F}.Release|Any CPU.Build.0 = Release|Any CPU
		{323F901A-2BEE-4566-91CA-F7A5B8A86F6F}.Debug|Any CPU.ActiveCfg = Debug|Any CPU
		{323F901A-2BEE-4566-91CA-F7A5B8A86F6F}.Debug|Any CPU.Build.0 = Debug|Any CPU
		{323F901A-2BEE-4566-91CA-F7A5B8A86F6F}.Release|Any CPU.ActiveCfg = Release|Any CPU
		{323F901A-2BEE-4566-91CA-F7A5B8A86F6F}.Release|Any CPU.Build.0 = Release|Any CPU
		{95B8E446-E391-446A-9399-4392D7F3BE0D}.Debug|Any CPU.ActiveCfg = Debug|Any CPU
		{95B8E446-E391-446A-9399-4392D7F3BE0D}.Debug|Any CPU.Build.0 = Debug|Any CPU
		{95B8E446-E391-446A-9399-4392D7F3BE0D}.Release|Any CPU.ActiveCfg = Release|Any CPU
		{95B8E446-E391-446A-9399-4392D7F3BE0D}.Release|Any CPU.Build.0 = Release|Any CPU
		{EDE8950D-A465-4E39-A338-7C2CCE33B172}.Debug|Any CPU.ActiveCfg = Debug|Any CPU
		{EDE8950D-A465-4E39-A338-7C2CCE33B172}.Debug|Any CPU.Build.0 = Debug|Any CPU
		{EDE8950D-A465-4E39-A338-7C2CCE33B172}.Release|Any CPU.ActiveCfg = Release|Any CPU
		{EDE8950D-A465-4E39-A338-7C2CCE33B172}.Release|Any CPU.Build.0 = Release|Any CPU
		{2B817086-B9FA-4516-815D-E027B4737C2C}.Debug|Any CPU.ActiveCfg = Debug|Any CPU
		{2B817086-B9FA-4516-815D-E027B4737C2C}.Debug|Any CPU.Build.0 = Debug|Any CPU
		{2B817086-B9FA-4516-815D-E027B4737C2C}.Release|Any CPU.ActiveCfg = Release|Any CPU
		{2B817086-B9FA-4516-815D-E027B4737C2C}.Release|Any CPU.Build.0 = Release|Any CPU
		{7E143F70-4B54-4F47-9197-71EC10865786}.Debug|Any CPU.ActiveCfg = Debug|Any CPU
		{7E143F70-4B54-4F47-9197-71EC10865786}.Debug|Any CPU.Build.0 = Debug|Any CPU
		{7E143F70-4B54-4F47-9197-71EC10865786}.Release|Any CPU.ActiveCfg = Release|Any CPU
		{7E143F70-4B54-4F47-9197-71EC10865786}.Release|Any CPU.Build.0 = Release|Any CPU
		{C9165991-1EE0-4807-9B66-3CBCF57E0049}.Debug|Any CPU.ActiveCfg = Debug|Any CPU
		{C9165991-1EE0-4807-9B66-3CBCF57E0049}.Debug|Any CPU.Build.0 = Debug|Any CPU
		{C9165991-1EE0-4807-9B66-3CBCF57E0049}.Release|Any CPU.ActiveCfg = Release|Any CPU
		{C9165991-1EE0-4807-9B66-3CBCF57E0049}.Release|Any CPU.Build.0 = Release|Any CPU
		{3B460F9F-3B90-4BE9-8E30-5ACA603FFD46}.Debug|Any CPU.ActiveCfg = Debug|Any CPU
		{3B460F9F-3B90-4BE9-8E30-5ACA603FFD46}.Debug|Any CPU.Build.0 = Debug|Any CPU
		{3B460F9F-3B90-4BE9-8E30-5ACA603FFD46}.Release|Any CPU.ActiveCfg = Release|Any CPU
		{3B460F9F-3B90-4BE9-8E30-5ACA603FFD46}.Release|Any CPU.Build.0 = Release|Any CPU
		{1F31CCB2-9E35-4E22-ACC5-AF65A6805078}.Debug|Any CPU.ActiveCfg = Debug|Any CPU
		{1F31CCB2-9E35-4E22-ACC5-AF65A6805078}.Debug|Any CPU.Build.0 = Debug|Any CPU
		{1F31CCB2-9E35-4E22-ACC5-AF65A6805078}.Release|Any CPU.ActiveCfg = Release|Any CPU
		{1F31CCB2-9E35-4E22-ACC5-AF65A6805078}.Release|Any CPU.Build.0 = Release|Any CPU
		{E5CA08EF-FFAF-4392-92E6-19C46A13DDA2}.Debug|Any CPU.ActiveCfg = Debug|Any CPU
		{E5CA08EF-FFAF-4392-92E6-19C46A13DDA2}.Debug|Any CPU.Build.0 = Debug|Any CPU
		{E5CA08EF-FFAF-4392-92E6-19C46A13DDA2}.Release|Any CPU.ActiveCfg = Release|Any CPU
		{E5CA08EF-FFAF-4392-92E6-19C46A13DDA2}.Release|Any CPU.Build.0 = Release|Any CPU
		{D990DCC2-7951-4811-8C2F-CBB757938F74}.Debug|Any CPU.ActiveCfg = Debug|Any CPU
		{D990DCC2-7951-4811-8C2F-CBB757938F74}.Debug|Any CPU.Build.0 = Debug|Any CPU
		{D990DCC2-7951-4811-8C2F-CBB757938F74}.Release|Any CPU.ActiveCfg = Release|Any CPU
		{D990DCC2-7951-4811-8C2F-CBB757938F74}.Release|Any CPU.Build.0 = Release|Any CPU
		{64418CEA-0AA0-42DB-9B4D-E7AF4EEF6F92}.Debug|Any CPU.ActiveCfg = Debug|Any CPU
		{64418CEA-0AA0-42DB-9B4D-E7AF4EEF6F92}.Debug|Any CPU.Build.0 = Debug|Any CPU
		{64418CEA-0AA0-42DB-9B4D-E7AF4EEF6F92}.Release|Any CPU.ActiveCfg = Release|Any CPU
		{64418CEA-0AA0-42DB-9B4D-E7AF4EEF6F92}.Release|Any CPU.Build.0 = Release|Any CPU
		{237182FF-C42B-47F0-8F9A-1062CD691716}.Debug|Any CPU.ActiveCfg = Debug|Any CPU
		{237182FF-C42B-47F0-8F9A-1062CD691716}.Debug|Any CPU.Build.0 = Debug|Any CPU
		{237182FF-C42B-47F0-8F9A-1062CD691716}.Release|Any CPU.ActiveCfg = Release|Any CPU
		{237182FF-C42B-47F0-8F9A-1062CD691716}.Release|Any CPU.Build.0 = Release|Any CPU
		{4C219C94-5D98-4801-8653-D34051DD8593}.Debug|Any CPU.ActiveCfg = Debug|Any CPU
		{4C219C94-5D98-4801-8653-D34051DD8593}.Debug|Any CPU.Build.0 = Debug|Any CPU
		{4C219C94-5D98-4801-8653-D34051DD8593}.Release|Any CPU.ActiveCfg = Release|Any CPU
		{4C219C94-5D98-4801-8653-D34051DD8593}.Release|Any CPU.Build.0 = Release|Any CPU
		{3E0CFA9F-2EDC-4154-93D8-69FFC43741F4}.Debug|Any CPU.ActiveCfg = Debug|Any CPU
		{3E0CFA9F-2EDC-4154-93D8-69FFC43741F4}.Debug|Any CPU.Build.0 = Debug|Any CPU
		{3E0CFA9F-2EDC-4154-93D8-69FFC43741F4}.Release|Any CPU.ActiveCfg = Release|Any CPU
		{3E0CFA9F-2EDC-4154-93D8-69FFC43741F4}.Release|Any CPU.Build.0 = Release|Any CPU
		{CC77023B-783A-4B42-AC44-0D4BC8F50A44}.Debug|Any CPU.ActiveCfg = Debug|Any CPU
		{CC77023B-783A-4B42-AC44-0D4BC8F50A44}.Debug|Any CPU.Build.0 = Debug|Any CPU
		{CC77023B-783A-4B42-AC44-0D4BC8F50A44}.Release|Any CPU.ActiveCfg = Release|Any CPU
		{CC77023B-783A-4B42-AC44-0D4BC8F50A44}.Release|Any CPU.Build.0 = Release|Any CPU
		{D69CD557-C96A-4905-8137-7ACD41AACE6B}.Debug|Any CPU.ActiveCfg = Debug|Any CPU
		{D69CD557-C96A-4905-8137-7ACD41AACE6B}.Debug|Any CPU.Build.0 = Debug|Any CPU
		{D69CD557-C96A-4905-8137-7ACD41AACE6B}.Release|Any CPU.ActiveCfg = Release|Any CPU
		{D69CD557-C96A-4905-8137-7ACD41AACE6B}.Release|Any CPU.Build.0 = Release|Any CPU
		{3296B063-189A-4F5A-B18C-51D8BACBC2D7}.Debug|Any CPU.ActiveCfg = Debug|Any CPU
		{3296B063-189A-4F5A-B18C-51D8BACBC2D7}.Debug|Any CPU.Build.0 = Debug|Any CPU
		{3296B063-189A-4F5A-B18C-51D8BACBC2D7}.Release|Any CPU.ActiveCfg = Release|Any CPU
		{3296B063-189A-4F5A-B18C-51D8BACBC2D7}.Release|Any CPU.Build.0 = Release|Any CPU
		{9755B1D6-69F7-4BA0-B703-318ED9864B61}.Debug|Any CPU.ActiveCfg = Debug|Any CPU
		{9755B1D6-69F7-4BA0-B703-318ED9864B61}.Debug|Any CPU.Build.0 = Debug|Any CPU
		{9755B1D6-69F7-4BA0-B703-318ED9864B61}.Release|Any CPU.ActiveCfg = Release|Any CPU
		{9755B1D6-69F7-4BA0-B703-318ED9864B61}.Release|Any CPU.Build.0 = Release|Any CPU
		{6A85676F-3197-4C66-87A6-DF485364DEE2}.Debug|Any CPU.ActiveCfg = Debug|Any CPU
		{6A85676F-3197-4C66-87A6-DF485364DEE2}.Debug|Any CPU.Build.0 = Debug|Any CPU
		{6A85676F-3197-4C66-87A6-DF485364DEE2}.Release|Any CPU.ActiveCfg = Release|Any CPU
		{6A85676F-3197-4C66-87A6-DF485364DEE2}.Release|Any CPU.Build.0 = Release|Any CPU
		{8BB5F620-6501-4A99-8672-38169A1D3525}.Debug|Any CPU.ActiveCfg = Debug|Any CPU
		{8BB5F620-6501-4A99-8672-38169A1D3525}.Debug|Any CPU.Build.0 = Debug|Any CPU
		{8BB5F620-6501-4A99-8672-38169A1D3525}.Release|Any CPU.ActiveCfg = Release|Any CPU
		{8BB5F620-6501-4A99-8672-38169A1D3525}.Release|Any CPU.Build.0 = Release|Any CPU
		{0BE7463B-77F8-4FB7-B1A8-D205BABC0718}.Debug|Any CPU.ActiveCfg = Debug|Any CPU
		{0BE7463B-77F8-4FB7-B1A8-D205BABC0718}.Debug|Any CPU.Build.0 = Debug|Any CPU
		{0BE7463B-77F8-4FB7-B1A8-D205BABC0718}.Release|Any CPU.ActiveCfg = Release|Any CPU
		{0BE7463B-77F8-4FB7-B1A8-D205BABC0718}.Release|Any CPU.Build.0 = Release|Any CPU
		{85BE280D-A73F-40C7-8503-F2E4B135F93A}.Debug|Any CPU.ActiveCfg = Debug|Any CPU
		{85BE280D-A73F-40C7-8503-F2E4B135F93A}.Debug|Any CPU.Build.0 = Debug|Any CPU
		{85BE280D-A73F-40C7-8503-F2E4B135F93A}.Release|Any CPU.ActiveCfg = Release|Any CPU
		{85BE280D-A73F-40C7-8503-F2E4B135F93A}.Release|Any CPU.Build.0 = Release|Any CPU
		{6AA88A93-C625-4E1C-866B-9BAAFAB755BE}.Debug|Any CPU.ActiveCfg = Debug|Any CPU
		{6AA88A93-C625-4E1C-866B-9BAAFAB755BE}.Debug|Any CPU.Build.0 = Debug|Any CPU
		{6AA88A93-C625-4E1C-866B-9BAAFAB755BE}.Release|Any CPU.ActiveCfg = Release|Any CPU
		{6AA88A93-C625-4E1C-866B-9BAAFAB755BE}.Release|Any CPU.Build.0 = Release|Any CPU
		{4243E2EF-E2BD-4E12-9B4A-7B5DFAF368DA}.Debug|Any CPU.ActiveCfg = Debug|Any CPU
		{4243E2EF-E2BD-4E12-9B4A-7B5DFAF368DA}.Debug|Any CPU.Build.0 = Debug|Any CPU
		{4243E2EF-E2BD-4E12-9B4A-7B5DFAF368DA}.Release|Any CPU.ActiveCfg = Release|Any CPU
		{4243E2EF-E2BD-4E12-9B4A-7B5DFAF368DA}.Release|Any CPU.Build.0 = Release|Any CPU
		{306CDAFB-7EC1-4156-B3CD-56D71914C6AC}.Debug|Any CPU.ActiveCfg = Debug|Any CPU
		{306CDAFB-7EC1-4156-B3CD-56D71914C6AC}.Debug|Any CPU.Build.0 = Debug|Any CPU
		{306CDAFB-7EC1-4156-B3CD-56D71914C6AC}.Release|Any CPU.ActiveCfg = Release|Any CPU
		{306CDAFB-7EC1-4156-B3CD-56D71914C6AC}.Release|Any CPU.Build.0 = Release|Any CPU
		{84C8F4DD-AD94-4A2C-9DB7-89FECF3414EC}.Debug|Any CPU.ActiveCfg = Debug|Any CPU
		{84C8F4DD-AD94-4A2C-9DB7-89FECF3414EC}.Debug|Any CPU.Build.0 = Debug|Any CPU
		{84C8F4DD-AD94-4A2C-9DB7-89FECF3414EC}.Release|Any CPU.ActiveCfg = Release|Any CPU
		{84C8F4DD-AD94-4A2C-9DB7-89FECF3414EC}.Release|Any CPU.Build.0 = Release|Any CPU
		{579FAD28-B2D8-4710-85D5-41DA0724787A}.Debug|Any CPU.ActiveCfg = Debug|Any CPU
		{579FAD28-B2D8-4710-85D5-41DA0724787A}.Debug|Any CPU.Build.0 = Debug|Any CPU
		{579FAD28-B2D8-4710-85D5-41DA0724787A}.Release|Any CPU.ActiveCfg = Release|Any CPU
		{579FAD28-B2D8-4710-85D5-41DA0724787A}.Release|Any CPU.Build.0 = Release|Any CPU
		{B4B32483-28B9-4B60-9260-42326C638F75}.Debug|Any CPU.ActiveCfg = Debug|Any CPU
		{B4B32483-28B9-4B60-9260-42326C638F75}.Debug|Any CPU.Build.0 = Debug|Any CPU
		{B4B32483-28B9-4B60-9260-42326C638F75}.Release|Any CPU.ActiveCfg = Release|Any CPU
		{B4B32483-28B9-4B60-9260-42326C638F75}.Release|Any CPU.Build.0 = Release|Any CPU
		{30927D82-03EE-48DB-8D75-9118CC8BD19D}.Debug|Any CPU.ActiveCfg = Debug|Any CPU
		{30927D82-03EE-48DB-8D75-9118CC8BD19D}.Debug|Any CPU.Build.0 = Debug|Any CPU
		{30927D82-03EE-48DB-8D75-9118CC8BD19D}.Release|Any CPU.ActiveCfg = Release|Any CPU
		{30927D82-03EE-48DB-8D75-9118CC8BD19D}.Release|Any CPU.Build.0 = Release|Any CPU
		{95827A1C-04C1-4659-8E49-A1B52F8001AC}.Debug|Any CPU.ActiveCfg = Debug|Any CPU
		{95827A1C-04C1-4659-8E49-A1B52F8001AC}.Debug|Any CPU.Build.0 = Debug|Any CPU
		{95827A1C-04C1-4659-8E49-A1B52F8001AC}.Release|Any CPU.ActiveCfg = Release|Any CPU
		{95827A1C-04C1-4659-8E49-A1B52F8001AC}.Release|Any CPU.Build.0 = Release|Any CPU
		{A012C3CC-D5D1-4A7F-AC05-24DE1C49A19A}.Debug|Any CPU.ActiveCfg = Debug|Any CPU
		{A012C3CC-D5D1-4A7F-AC05-24DE1C49A19A}.Debug|Any CPU.Build.0 = Debug|Any CPU
		{A012C3CC-D5D1-4A7F-AC05-24DE1C49A19A}.Release|Any CPU.ActiveCfg = Release|Any CPU
		{A012C3CC-D5D1-4A7F-AC05-24DE1C49A19A}.Release|Any CPU.Build.0 = Release|Any CPU
		{EEC9C130-42A4-4902-A6EC-95F710BC9CE5}.Debug|Any CPU.ActiveCfg = Debug|Any CPU
		{EEC9C130-42A4-4902-A6EC-95F710BC9CE5}.Debug|Any CPU.Build.0 = Debug|Any CPU
		{EEC9C130-42A4-4902-A6EC-95F710BC9CE5}.Release|Any CPU.ActiveCfg = Release|Any CPU
		{EEC9C130-42A4-4902-A6EC-95F710BC9CE5}.Release|Any CPU.Build.0 = Release|Any CPU
		{C0C8E923-D00D-4FF4-A126-A2BA3B1BB7C9}.Debug|Any CPU.ActiveCfg = Debug|Any CPU
		{C0C8E923-D00D-4FF4-A126-A2BA3B1BB7C9}.Debug|Any CPU.Build.0 = Debug|Any CPU
		{C0C8E923-D00D-4FF4-A126-A2BA3B1BB7C9}.Release|Any CPU.ActiveCfg = Release|Any CPU
		{C0C8E923-D00D-4FF4-A126-A2BA3B1BB7C9}.Release|Any CPU.Build.0 = Release|Any CPU
	EndGlobalSection
	GlobalSection(SolutionProperties) = preSolution
		HideSolutionNode = FALSE
	EndGlobalSection
	GlobalSection(ExtensibilityGlobals) = postSolution
		SolutionGuid = {A9BC6B39-FCEE-41F9-881C-4783499C1221}
	EndGlobalSection
EndGlobal
